
Microsoft Visual Studio Solution File, Format Version 12.00
# Visual Studio Version 17
VisualStudioVersion = 17.0.31919.166
MinimumVisualStudioVersion = 10.0.40219.1
Project("{9A19103F-16F7-4668-BE54-9A1E7A4F7556}") = "DemoWebApp", "DemoWebApp\DemoWebApp.csproj", "{8C0E3D43-8ADC-4CA8-ADBD-F6EB5DCE99EE}"
EndProject
Project("{E53339B2-1760-4266-BCC7-CA923CBCF16C}") = "docker-compose", "docker-compose.dcproj", "{7215175F-4BE0-46C5-986E-9CA407EA490C}"
EndProject
Project("{FAE04EC0-301F-11D3-BF4B-00C04F79EFBC}") = "TraefikAuthAAD", "TraefikAuthAAD\TraefikAuthAAD.csproj", "{1866F116-F2A1-4A57-8377-4DC4F7B7226C}"
EndProject
Global
	GlobalSection(SolutionConfigurationPlatforms) = preSolution
		Debug|Any CPU = Debug|Any CPU
		Release|Any CPU = Release|Any CPU
	EndGlobalSection
	GlobalSection(ProjectConfigurationPlatforms) = postSolution
		{8C0E3D43-8ADC-4CA8-ADBD-F6EB5DCE99EE}.Debug|Any CPU.ActiveCfg = Debug|Any CPU
		{8C0E3D43-8ADC-4CA8-ADBD-F6EB5DCE99EE}.Debug|Any CPU.Build.0 = Debug|Any CPU
		{8C0E3D43-8ADC-4CA8-ADBD-F6EB5DCE99EE}.Release|Any CPU.ActiveCfg = Release|Any CPU
		{8C0E3D43-8ADC-4CA8-ADBD-F6EB5DCE99EE}.Release|Any CPU.Build.0 = Release|Any CPU
		{7215175F-4BE0-46C5-986E-9CA407EA490C}.Debug|Any CPU.ActiveCfg = Debug|Any CPU
		{7215175F-4BE0-46C5-986E-9CA407EA490C}.Debug|Any CPU.Build.0 = Debug|Any CPU
		{7215175F-4BE0-46C5-986E-9CA407EA490C}.Release|Any CPU.ActiveCfg = Release|Any CPU
		{7215175F-4BE0-46C5-986E-9CA407EA490C}.Release|Any CPU.Build.0 = Release|Any CPU
		{1866F116-F2A1-4A57-8377-4DC4F7B7226C}.Debug|Any CPU.ActiveCfg = Debug|Any CPU
		{1866F116-F2A1-4A57-8377-4DC4F7B7226C}.Debug|Any CPU.Build.0 = Debug|Any CPU
		{1866F116-F2A1-4A57-8377-4DC4F7B7226C}.Release|Any CPU.ActiveCfg = Release|Any CPU
		{1866F116-F2A1-4A57-8377-4DC4F7B7226C}.Release|Any CPU.Build.0 = Release|Any CPU
	EndGlobalSection
	GlobalSection(SolutionProperties) = preSolution
		HideSolutionNode = FALSE
	EndGlobalSection
	GlobalSection(ExtensibilityGlobals) = postSolution
		SolutionGuid = {0ECEB099-DB05-46CC-96E4-685EC84F33DD}
	EndGlobalSection
EndGlobal
